
Microsoft Visual Studio Solution File, Format Version 12.00
# Visual Studio Version 16
VisualStudioVersion = 16.0.29311.281
MinimumVisualStudioVersion = 10.0.40219.1
Project("{FAE04EC0-301F-11D3-BF4B-00C04F79EFBC}") = "WebApplication1", "WebApplication1.csproj", "{D3B6C90F-2EC5-4EFD-AC59-583A5A6A2962}"
EndProject
Global
	GlobalSection(SolutionConfigurationPlatforms) = preSolution
		Debug|Any CPU = Debug|Any CPU
		Release|Any CPU = Release|Any CPU
	EndGlobalSection
	GlobalSection(ProjectConfigurationPlatforms) = postSolution
		{D3B6C90F-2EC5-4EFD-AC59-583A5A6A2962}.Debug|Any CPU.ActiveCfg = Debug|Any CPU
		{D3B6C90F-2EC5-4EFD-AC59-583A5A6A2962}.Debug|Any CPU.Build.0 = Debug|Any CPU
		{D3B6C90F-2EC5-4EFD-AC59-583A5A6A2962}.Release|Any CPU.ActiveCfg = Release|Any CPU
		{D3B6C90F-2EC5-4EFD-AC59-583A5A6A2962}.Release|Any CPU.Build.0 = Release|Any CPU
	EndGlobalSection
	GlobalSection(SolutionProperties) = preSolution
		HideSolutionNode = FALSE
	EndGlobalSection
	GlobalSection(ExtensibilityGlobals) = postSolution
		SolutionGuid = {E1DAAECD-5B81-4608-B316-4AF6CCBF394C}
	EndGlobalSection
EndGlobal
